<Solution>
  <Folder Name="/src/">
    <Project Path="src/VpnPortal.Api/VpnPortal.Api.csproj" />
    <Project Path="src/VpnPortal.Application/VpnPortal.Application.csproj" />
    <Project Path="src/VpnPortal.Domain/VpnPortal.Domain.csproj" />
    <Project Path="src/VpnPortal.Infrastructure/VpnPortal.Infrastructure.csproj" />
    <Project Path="src/VpnPortal.Migrations/VpnPortal.Migrations.csproj" />
  </Folder>
</Solution>
